
Microsoft Visual Studio Solution File, Format Version 12.00
# Visual Studio 15
VisualStudioVersion = 15.0.28010.2016
MinimumVisualStudioVersion = 10.0.40219.1
Project("{FAE04EC0-301F-11D3-BF4B-00C04F79EFBC}") = "TreeCshape", "TreeCshape\TreeCshape.csproj", "{856D7D83-B6BE-4967-AE5F-6CDE8BEF4A77}"
EndProject
Global
	GlobalSection(SolutionConfigurationPlatforms) = preSolution
		Debug|Any CPU = Debug|Any CPU
		Release|Any CPU = Release|Any CPU
	EndGlobalSection
	GlobalSection(ProjectConfigurationPlatforms) = postSolution
		{856D7D83-B6BE-4967-AE5F-6CDE8BEF4A77}.Debug|Any CPU.ActiveCfg = Debug|Any CPU
		{856D7D83-B6BE-4967-AE5F-6CDE8BEF4A77}.Debug|Any CPU.Build.0 = Debug|Any CPU
		{856D7D83-B6BE-4967-AE5F-6CDE8BEF4A77}.Release|Any CPU.ActiveCfg = Release|Any CPU
		{856D7D83-B6BE-4967-AE5F-6CDE8BEF4A77}.Release|Any CPU.Build.0 = Release|Any CPU
	EndGlobalSection
	GlobalSection(SolutionProperties) = preSolution
		HideSolutionNode = FALSE
	EndGlobalSection
	GlobalSection(ExtensibilityGlobals) = postSolution
		SolutionGuid = {1F988141-92A5-485F-8EC7-FC0AF7C01838}
	EndGlobalSection
EndGlobal
